
Microsoft Visual Studio Solution File, Format Version 12.00
# Visual Studio 15
VisualStudioVersion = 15.0.28307.421
MinimumVisualStudioVersion = 10.0.40219.1
Project("{FAE04EC0-301F-11D3-BF4B-00C04F79EFBC}") = "practice08,01", "practice08,01\practice08,01.csproj", "{6380C4C9-F6D9-4821-A68E-A7D205A5710A}"
EndProject
Project("{FAE04EC0-301F-11D3-BF4B-00C04F79EFBC}") = "practice08,02", "practice08,02\practice08,02.csproj", "{386E60BF-88CF-4E21-B0BA-D12A3046BC59}"
EndProject
Project("{FAE04EC0-301F-11D3-BF4B-00C04F79EFBC}") = "practice08,03", "practice08,03\practice08,03.csproj", "{84FD0AE0-DE4C-404A-AD97-40CA083DFEFE}"
EndProject
Global
	GlobalSection(SolutionConfigurationPlatforms) = preSolution
		Debug|Any CPU = Debug|Any CPU
		Release|Any CPU = Release|Any CPU
	EndGlobalSection
	GlobalSection(ProjectConfigurationPlatforms) = postSolution
		{6380C4C9-F6D9-4821-A68E-A7D205A5710A}.Debug|Any CPU.ActiveCfg = Debug|Any CPU
		{6380C4C9-F6D9-4821-A68E-A7D205A5710A}.Debug|Any CPU.Build.0 = Debug|Any CPU
		{6380C4C9-F6D9-4821-A68E-A7D205A5710A}.Release|Any CPU.ActiveCfg = Release|Any CPU
		{6380C4C9-F6D9-4821-A68E-A7D205A5710A}.Release|Any CPU.Build.0 = Release|Any CPU
		{386E60BF-88CF-4E21-B0BA-D12A3046BC59}.Debug|Any CPU.ActiveCfg = Debug|Any CPU
		{386E60BF-88CF-4E21-B0BA-D12A3046BC59}.Debug|Any CPU.Build.0 = Debug|Any CPU
		{386E60BF-88CF-4E21-B0BA-D12A3046BC59}.Release|Any CPU.ActiveCfg = Release|Any CPU
		{386E60BF-88CF-4E21-B0BA-D12A3046BC59}.Release|Any CPU.Build.0 = Release|Any CPU
		{84FD0AE0-DE4C-404A-AD97-40CA083DFEFE}.Debug|Any CPU.ActiveCfg = Debug|Any CPU
		{84FD0AE0-DE4C-404A-AD97-40CA083DFEFE}.Debug|Any CPU.Build.0 = Debug|Any CPU
		{84FD0AE0-DE4C-404A-AD97-40CA083DFEFE}.Release|Any CPU.ActiveCfg = Release|Any CPU
		{84FD0AE0-DE4C-404A-AD97-40CA083DFEFE}.Release|Any CPU.Build.0 = Release|Any CPU
	EndGlobalSection
	GlobalSection(SolutionProperties) = preSolution
		HideSolutionNode = FALSE
	EndGlobalSection
	GlobalSection(ExtensibilityGlobals) = postSolution
		SolutionGuid = {FB9E6F1D-CAAD-420B-BEDD-A80296039733}
	EndGlobalSection
EndGlobal
